// !$*UTF8*$!
{
	archiveVersion = 1;
	classes = {
	};
	objectVersion = 50;
	objects = {

/* Begin PBXBuildFile section */
		54A0CF932489D88C00FB450C /* AppDelegate.swift in Sources */ = {isa = PBXBuildFile; fileRef = 54A0CF922489D88C00FB450C /* AppDelegate.swift */; };
		54A0CF952489D88C00FB450C /* SceneDelegate.swift in Sources */ = {isa = PBXBuildFile; fileRef = 54A0CF942489D88C00FB450C /* SceneDelegate.swift */; };
		54A0CF972489D88C00FB450C /* ViewController.swift in Sources */ = {isa = PBXBuildFile; fileRef = 54A0CF962489D88C00FB450C /* ViewController.swift */; };
		54A0CF9A2489D88C00FB450C /* Main.storyboard in Resources */ = {isa = PBXBuildFile; fileRef = 54A0CF982489D88C00FB450C /* Main.storyboard */; };
		54A0CF9C2489D88E00FB450C /* Assets.xcassets in Resources */ = {isa = PBXBuildFile; fileRef = 54A0CF9B2489D88E00FB450C /* Assets.xcassets */; };
		54A0CF9F2489D88E00FB450C /* LaunchScreen.storyboard in Resources */ = {isa = PBXBuildFile; fileRef = 54A0CF9D2489D88E00FB450C /* LaunchScreen.storyboard */; };
		54A0CFAA2489D88E00FB450C /* african_proverbsTests.swift in Sources */ = {isa = PBXBuildFile; fileRef = 54A0CFA92489D88E00FB450C /* african_proverbsTests.swift */; };
		54A0CFB52489D88F00FB450C /* african_proverbsUITests.swift in Sources */ = {isa = PBXBuildFile; fileRef = 54A0CFB42489D88F00FB450C /* african_proverbsUITests.swift */; };
/* End PBXBuildFile section */

/* Begin PBXContainerItemProxy section */
		54A0CFA62489D88E00FB450C /* PBXContainerItemProxy */ = {
			isa = PBXContainerItemProxy;
			containerPortal = 54A0CF872489D88C00FB450C /* Project object */;
			proxyType = 1;
			remoteGlobalIDString = 54A0CF8E2489D88C00FB450C;
			remoteInfo = "african-proverbs";
		};
		54A0CFB12489D88F00FB450C /* PBXContainerItemProxy */ = {
			isa = PBXContainerItemProxy;
			containerPortal = 54A0CF872489D88C00FB450C /* Project object */;
			proxyType = 1;
			remoteGlobalIDString = 54A0CF8E2489D88C00FB450C;
			remoteInfo = "african-proverbs";
		};
/* End PBXContainerItemProxy section */

/* Begin PBXFileReference section */
		54A0CF8F2489D88C00FB450C /* african-proverbs.app */ = {isa = PBXFileReference; explicitFileType = wrapper.application; includeInIndex = 0; path = "african-proverbs.app"; sourceTree = BUILT_PRODUCTS_DIR; };
		54A0CF922489D88C00FB450C /* AppDelegate.swift */ = {isa = PBXFileReference; lastKnownFileType = sourcecode.swift; path = AppDelegate.swift; sourceTree = "<group>"; };
		54A0CF942489D88C00FB450C /* SceneDelegate.swift */ = {isa = PBXFileReference; lastKnownFileType = sourcecode.swift; path = SceneDelegate.swift; sourceTree = "<group>"; };
		54A0CF962489D88C00FB450C /* ViewController.swift */ = {isa = PBXFileReference; lastKnownFileType = sourcecode.swift; path = ViewController.swift; sourceTree = "<group>"; };
		54A0CF992489D88C00FB450C /* Base */ = {isa = PBXFileReference; lastKnownFileType = file.storyboard; name = Base; path = Base.lproj/Main.storyboard; sourceTree = "<group>"; };
		54A0CF9B2489D88E00FB450C /* Assets.xcassets */ = {isa = PBXFileReference; lastKnownFileType = folder.assetcatalog; path = Assets.xcassets; sourceTree = "<group>"; };
		54A0CF9E2489D88E00FB450C /* Base */ = {isa = PBXFileReference; lastKnownFileType = file.storyboard; name = Base; path = Base.lproj/LaunchScreen.storyboard; sourceTree = "<group>"; };
		54A0CFA02489D88E00FB450C /* Info.plist */ = {isa = PBXFileReference; lastKnownFileType = text.plist.xml; path = Info.plist; sourceTree = "<group>"; };
		54A0CFA52489D88E00FB450C /* african-proverbsTests.xctest */ = {isa = PBXFileReference; explicitFileType = wrapper.cfbundle; includeInIndex = 0; path = "african-proverbsTests.xctest"; sourceTree = BUILT_PRODUCTS_DIR; };
		54A0CFA92489D88E00FB450C /* african_proverbsTests.swift */ = {isa = PBXFileReference; lastKnownFileType = sourcecode.swift; path = african_proverbsTests.swift; sourceTree = "<group>"; };
		54A0CFAB2489D88F00FB450C /* Info.plist */ = {isa = PBXFileReference; lastKnownFileType = text.plist.xml; path = Info.plist; sourceTree = "<group>"; };
		54A0CFB02489D88F00FB450C /* african-proverbsUITests.xctest */ = {isa = PBXFileReference; explicitFileType = wrapper.cfbundle; includeInIndex = 0; path = "african-proverbsUITests.xctest"; sourceTree = BUILT_PRODUCTS_DIR; };
		54A0CFB42489D88F00FB450C /* african_proverbsUITests.swift */ = {isa = PBXFileReference; lastKnownFileType = sourcecode.swift; path = african_proverbsUITests.swift; sourceTree = "<group>"; };
		54A0CFB62489D88F00FB450C /* Info.plist */ = {isa = PBXFileReference; lastKnownFileType = text.plist.xml; path = Info.plist; sourceTree = "<group>"; };
/* End PBXFileReference section */

/* Begin PBXFrameworksBuildPhase section */
		54A0CF8C2489D88C00FB450C /* Frameworks */ = {
			isa = PBXFrameworksBuildPhase;
			buildActionMask = 2147483647;
			files = (
			);
			runOnlyForDeploymentPostprocessing = 0;
		};
		54A0CFA22489D88E00FB450C /* Frameworks */ = {
			isa = PBXFrameworksBuildPhase;
			buildActionMask = 2147483647;
			files = (
			);
			runOnlyForDeploymentPostprocessing = 0;
		};
		54A0CFAD2489D88F00FB450C /* Frameworks */ = {
			isa = PBXFrameworksBuildPhase;
			buildActionMask = 2147483647;
			files = (
			);
			runOnlyForDeploymentPostprocessing = 0;
		};
/* End PBXFrameworksBuildPhase section */

/* Begin PBXGroup section */
		54A0CF862489D88C00FB450C = {
			isa = PBXGroup;
			children = (
				54A0CF912489D88C00FB450C /* african-proverbs */,
				54A0CFA82489D88E00FB450C /* african-proverbsTests */,
				54A0CFB32489D88F00FB450C /* african-proverbsUITests */,
				54A0CF902489D88C00FB450C /* Products */,
			);
			sourceTree = "<group>";
		};
		54A0CF902489D88C00FB450C /* Products */ = {
			isa = PBXGroup;
			children = (
				54A0CF8F2489D88C00FB450C /* african-proverbs.app */,
				54A0CFA52489D88E00FB450C /* african-proverbsTests.xctest */,
				54A0CFB02489D88F00FB450C /* african-proverbsUITests.xctest */,
			);
			name = Products;
			sourceTree = "<group>";
		};
		54A0CF912489D88C00FB450C /* african-proverbs */ = {
			isa = PBXGroup;
			children = (
				54A0CF922489D88C00FB450C /* AppDelegate.swift */,
				54A0CF942489D88C00FB450C /* SceneDelegate.swift */,
				54A0CF962489D88C00FB450C /* ViewController.swift */,
				54A0CF982489D88C00FB450C /* Main.storyboard */,
				54A0CF9B2489D88E00FB450C /* Assets.xcassets */,
				54A0CF9D2489D88E00FB450C /* LaunchScreen.storyboard */,
				54A0CFA02489D88E00FB450C /* Info.plist */,
			);
			path = "african-proverbs";
			sourceTree = "<group>";
		};
		54A0CFA82489D88E00FB450C /* african-proverbsTests */ = {
			isa = PBXGroup;
			children = (
				54A0CFA92489D88E00FB450C /* african_proverbsTests.swift */,
				54A0CFAB2489D88F00FB450C /* Info.plist */,
			);
			path = "african-proverbsTests";
			sourceTree = "<group>";
		};
		54A0CFB32489D88F00FB450C /* african-proverbsUITests */ = {
			isa = PBXGroup;
			children = (
				54A0CFB42489D88F00FB450C /* african_proverbsUITests.swift */,
				54A0CFB62489D88F00FB450C /* Info.plist */,
			);
			path = "african-proverbsUITests";
			sourceTree = "<group>";
		};
/* End PBXGroup section */

/* Begin PBXNativeTarget section */
		54A0CF8E2489D88C00FB450C /* african-proverbs */ = {
			isa = PBXNativeTarget;
			buildConfigurationList = 54A0CFB92489D88F00FB450C /* Build configuration list for PBXNativeTarget "african-proverbs" */;
			buildPhases = (
				54A0CF8B2489D88C00FB450C /* Sources */,
				54A0CF8C2489D88C00FB450C /* Frameworks */,
				54A0CF8D2489D88C00FB450C /* Resources */,
			);
			buildRules = (
			);
			dependencies = (
			);
			name = "african-proverbs";
			productName = "african-proverbs";
			productReference = 54A0CF8F2489D88C00FB450C /* african-proverbs.app */;
			productType = "com.apple.product-type.application";
		};
		54A0CFA42489D88E00FB450C /* african-proverbsTests */ = {
			isa = PBXNativeTarget;
			buildConfigurationList = 54A0CFBC2489D88F00FB450C /* Build configuration list for PBXNativeTarget "african-proverbsTests" */;
			buildPhases = (
				54A0CFA12489D88E00FB450C /* Sources */,
				54A0CFA22489D88E00FB450C /* Frameworks */,
				54A0CFA32489D88E00FB450C /* Resources */,
			);
			buildRules = (
			);
			dependencies = (
				54A0CFA72489D88E00FB450C /* PBXTargetDependency */,
			);
			name = "african-proverbsTests";
			productName = "african-proverbsTests";
			productReference = 54A0CFA52489D88E00FB450C /* african-proverbsTests.xctest */;
			productType = "com.apple.product-type.bundle.unit-test";
		};
		54A0CFAF2489D88F00FB450C /* african-proverbsUITests */ = {
			isa = PBXNativeTarget;
			buildConfigurationList = 54A0CFBF2489D88F00FB450C /* Build configuration list for PBXNativeTarget "african-proverbsUITests" */;
			buildPhases = (
				54A0CFAC2489D88F00FB450C /* Sources */,
				54A0CFAD2489D88F00FB450C /* Frameworks */,
				54A0CFAE2489D88F00FB450C /* Resources */,
			);
			buildRules = (
			);
			dependencies = (
				54A0CFB22489D88F00FB450C /* PBXTargetDependency */,
			);
			name = "african-proverbsUITests";
			productName = "african-proverbsUITests";
			productReference = 54A0CFB02489D88F00FB450C /* african-proverbsUITests.xctest */;
			productType = "com.apple.product-type.bundle.ui-testing";
		};
/* End PBXNativeTarget section */

/* Begin PBXProject section */
		54A0CF872489D88C00FB450C /* Project object */ = {
			isa = PBXProject;
			attributes = {
				LastSwiftUpdateCheck = 1150;
				LastUpgradeCheck = 1150;
				ORGANIZATIONNAME = DonRajon;
				TargetAttributes = {
					54A0CF8E2489D88C00FB450C = {
						CreatedOnToolsVersion = 11.5;
					};
					54A0CFA42489D88E00FB450C = {
						CreatedOnToolsVersion = 11.5;
						TestTargetID = 54A0CF8E2489D88C00FB450C;
					};
					54A0CFAF2489D88F00FB450C = {
						CreatedOnToolsVersion = 11.5;
						TestTargetID = 54A0CF8E2489D88C00FB450C;
					};
				};
			};
			buildConfigurationList = 54A0CF8A2489D88C00FB450C /* Build configuration list for PBXProject "african-proverbs" */;
			compatibilityVersion = "Xcode 9.3";
			developmentRegion = en;
			hasScannedForEncodings = 0;
			knownRegions = (
				en,
				Base,
			);
			mainGroup = 54A0CF862489D88C00FB450C;
			productRefGroup = 54A0CF902489D88C00FB450C /* Products */;
			projectDirPath = "";
			projectRoot = "";
			targets = (
				54A0CF8E2489D88C00FB450C /* african-proverbs */,
				54A0CFA42489D88E00FB450C /* african-proverbsTests */,
				54A0CFAF2489D88F00FB450C /* african-proverbsUITests */,
			);
		};
/* End PBXProject section */

/* Begin PBXResourcesBuildPhase section */
		54A0CF8D2489D88C00FB450C /* Resources */ = {
			isa = PBXResourcesBuildPhase;
			buildActionMask = 2147483647;
			files = (
				54A0CF9F2489D88E00FB450C /* LaunchScreen.storyboard in Resources */,
				54A0CF9C2489D88E00FB450C /* Assets.xcassets in Resources */,
				54A0CF9A2489D88C00FB450C /* Main.storyboard in Resources */,
			);
			runOnlyForDeploymentPostprocessing = 0;
		};
		54A0CFA32489D88E00FB450C /* Resources */ = {
			isa = PBXResourcesBuildPhase;
			buildActionMask = 2147483647;
			files = (
			);
			runOnlyForDeploymentPostprocessing = 0;
		};
		54A0CFAE2489D88F00FB450C /* Resources */ = {
			isa = PBXResourcesBuildPhase;
			buildActionMask = 2147483647;
			files = (
			);
			runOnlyForDeploymentPostprocessing = 0;
		};
/* End PBXResourcesBuildPhase section */

/* Begin PBXSourcesBuildPhase section */
		54A0CF8B2489D88C00FB450C /* Sources */ = {
			isa = PBXSourcesBuildPhase;
			buildActionMask = 2147483647;
			files = (
				54A0CF972489D88C00FB450C /* ViewController.swift in Sources */,
				54A0CF932489D88C00FB450C /* AppDelegate.swift in Sources */,
				54A0CF952489D88C00FB450C /* SceneDelegate.swift in Sources */,
			);
			runOnlyForDeploymentPostprocessing = 0;
		};
		54A0CFA12489D88E00FB450C /* Sources */ = {
			isa = PBXSourcesBuildPhase;
			buildActionMask = 2147483647;
			files = (
				54A0CFAA2489D88E00FB450C /* african_proverbsTests.swift in Sources */,
			);
			runOnlyForDeploymentPostprocessing = 0;
		};
		54A0CFAC2489D88F00FB450C /* Sources */ = {
			isa = PBXSourcesBuildPhase;
			buildActionMask = 2147483647;
			files = (
				54A0CFB52489D88F00FB450C /* african_proverbsUITests.swift in Sources */,
			);
			runOnlyForDeploymentPostprocessing = 0;
		};
/* End PBXSourcesBuildPhase section */

/* Begin PBXTargetDependency section */
		54A0CFA72489D88E00FB450C /* PBXTargetDependency */ = {
			isa = PBXTargetDependency;
			target = 54A0CF8E2489D88C00FB450C /* african-proverbs */;
			targetProxy = 54A0CFA62489D88E00FB450C /* PBXContainerItemProxy */;
		};
		54A0CFB22489D88F00FB450C /* PBXTargetDependency */ = {
			isa = PBXTargetDependency;
			target = 54A0CF8E2489D88C00FB450C /* african-proverbs */;
			targetProxy = 54A0CFB12489D88F00FB450C /* PBXContainerItemProxy */;
		};
/* End PBXTargetDependency section */

/* Begin PBXVariantGroup section */
		54A0CF982489D88C00FB450C /* Main.storyboard */ = {
			isa = PBXVariantGroup;
			children = (
				54A0CF992489D88C00FB450C /* Base */,
			);
			name = Main.storyboard;
			sourceTree = "<group>";
		};
		54A0CF9D2489D88E00FB450C /* LaunchScreen.storyboard */ = {
			isa = PBXVariantGroup;
			children = (
				54A0CF9E2489D88E00FB450C /* Base */,
			);
			name = LaunchScreen.storyboard;
			sourceTree = "<group>";
		};
/* End PBXVariantGroup section */

/* Begin XCBuildConfiguration section */
		54A0CFB72489D88F00FB450C /* Debug */ = {
			isa = XCBuildConfiguration;
			buildSettings = {
				ALWAYS_SEARCH_USER_PATHS = NO;
				CLANG_ANALYZER_NONNULL = YES;
				CLANG_ANALYZER_NUMBER_OBJECT_CONVERSION = YES_AGGRESSIVE;
				CLANG_CXX_LANGUAGE_STANDARD = "gnu++14";
				CLANG_CXX_LIBRARY = "libc++";
				CLANG_ENABLE_MODULES = YES;
				CLANG_ENABLE_OBJC_ARC = YES;
				CLANG_ENABLE_OBJC_WEAK = YES;
				CLANG_WARN_BLOCK_CAPTURE_AUTORELEASING = YES;
				CLANG_WARN_BOOL_CONVERSION = YES;
				CLANG_WARN_COMMA = YES;
				CLANG_WARN_CONSTANT_CONVERSION = YES;
				CLANG_WARN_DEPRECATED_OBJC_IMPLEMENTATIONS = YES;
				CLANG_WARN_DIRECT_OBJC_ISA_USAGE = YES_ERROR;
				CLANG_WARN_DOCUMENTATION_COMMENTS = YES;
				CLANG_WARN_EMPTY_BODY = YES;
				CLANG_WARN_ENUM_CONVERSION = YES;
				CLANG_WARN_INFINITE_RECURSION = YES;
				CLANG_WARN_INT_CONVERSION = YES;
				CLANG_WARN_NON_LITERAL_NULL_CONVERSION = YES;
				CLANG_WARN_OBJC_IMPLICIT_RETAIN_SELF = YES;
				CLANG_WARN_OBJC_LITERAL_CONVERSION = YES;
				CLANG_WARN_OBJC_ROOT_CLASS = YES_ERROR;
				CLANG_WARN_RANGE_LOOP_ANALYSIS = YES;
				CLANG_WARN_STRICT_PROTOTYPES = YES;
				CLANG_WARN_SUSPICIOUS_MOVE = YES;
				CLANG_WARN_UNGUARDED_AVAILABILITY = YES_AGGRESSIVE;
				CLANG_WARN_UNREACHABLE_CODE = YES;
				CLANG_WARN__DUPLICATE_METHOD_MATCH = YES;
				COPY_PHASE_STRIP = NO;
				DEBUG_INFORMATION_FORMAT = dwarf;
				ENABLE_STRICT_OBJC_MSGSEND = YES;
				ENABLE_TESTABILITY = YES;
				GCC_C_LANGUAGE_STANDARD = gnu11;
				GCC_DYNAMIC_NO_PIC = NO;
				GCC_NO_COMMON_BLOCKS = YES;
				GCC_OPTIMIZATION_LEVEL = 0;
				GCC_PREPROCESSOR_DEFINITIONS = (
					"DEBUG=1",
					"$(inherited)",
				);
				GCC_WARN_64_TO_32_BIT_CONVERSION = YES;
				GCC_WARN_ABOUT_RETURN_TYPE = YES_ERROR;
				GCC_WARN_UNDECLARED_SELECTOR = YES;
				GCC_WARN_UNINITIALIZED_AUTOS = YES_AGGRESSIVE;
				GCC_WARN_UNUSED_FUNCTION = YES;
				GCC_WARN_UNUSED_VARIABLE = YES;
				IPHONEOS_DEPLOYMENT_TARGET = 13.5;
				MTL_ENABLE_DEBUG_INFO = INCLUDE_SOURCE;
				MTL_FAST_MATH = YES;
				ONLY_ACTIVE_ARCH = YES;
				SDKROOT = iphoneos;
				SWIFT_ACTIVE_COMPILATION_CONDITIONS = DEBUG;
				SWIFT_OPTIMIZATION_LEVEL = "-Onone";
			};
			name = Debug;
		};
		54A0CFB82489D88F00FB450C /* Release */ = {
			isa = XCBuildConfiguration;
			buildSettings = {
				ALWAYS_SEARCH_USER_PATHS = NO;
				CLANG_ANALYZER_NONNULL = YES;
				CLANG_ANALYZER_NUMBER_OBJECT_CONVERSION = YES_AGGRESSIVE;
				CLANG_CXX_LANGUAGE_STANDARD = "gnu++14";
				CLANG_CXX_LIBRARY = "libc++";
				CLANG_ENABLE_MODULES = YES;
				CLANG_ENABLE_OBJC_ARC = YES;
				CLANG_ENABLE_OBJC_WEAK = YES;
				CLANG_WARN_BLOCK_CAPTURE_AUTORELEASING = YES;
				CLANG_WARN_BOOL_CONVERSION = YES;
				CLANG_WARN_COMMA = YES;
				CLANG_WARN_CONSTANT_CONVERSION = YES;
				CLANG_WARN_DEPRECATED_OBJC_IMPLEMENTATIONS = YES;
				CLANG_WARN_DIRECT_OBJC_ISA_USAGE = YES_ERROR;
				CLANG_WARN_DOCUMENTATION_COMMENTS = YES;
				CLANG_WARN_EMPTY_BODY = YES;
				CLANG_WARN_ENUM_CONVERSION = YES;
				CLANG_WARN_INFINITE_RECURSION = YES;
				CLANG_WARN_INT_CONVERSION = YES;
				CLANG_WARN_NON_LITERAL_NULL_CONVERSION = YES;
				CLANG_WARN_OBJC_IMPLICIT_RETAIN_SELF = YES;
				CLANG_WARN_OBJC_LITERAL_CONVERSION = YES;
				CLANG_WARN_OBJC_ROOT_CLASS = YES_ERROR;
				CLANG_WARN_RANGE_LOOP_ANALYSIS = YES;
				CLANG_WARN_STRICT_PROTOTYPES = YES;
				CLANG_WARN_SUSPICIOUS_MOVE = YES;
				CLANG_WARN_UNGUARDED_AVAILABILITY = YES_AGGRESSIVE;
				CLANG_WARN_UNREACHABLE_CODE = YES;
				CLANG_WARN__DUPLICATE_METHOD_MATCH = YES;
				COPY_PHASE_STRIP = NO;
				DEBUG_INFORMATION_FORMAT = "dwarf-with-dsym";
				ENABLE_NS_ASSERTIONS = NO;
				ENABLE_STRICT_OBJC_MSGSEND = YES;
				GCC_C_LANGUAGE_STANDARD = gnu11;
				GCC_NO_COMMON_BLOCKS = YES;
				GCC_WARN_64_TO_32_BIT_CONVERSION = YES;
				GCC_WARN_ABOUT_RETURN_TYPE = YES_ERROR;
				GCC_WARN_UNDECLARED_SELECTOR = YES;
				GCC_WARN_UNINITIALIZED_AUTOS = YES_AGGRESSIVE;
				GCC_WARN_UNUSED_FUNCTION = YES;
				GCC_WARN_UNUSED_VARIABLE = YES;
				IPHONEOS_DEPLOYMENT_TARGET = 13.5;
				MTL_ENABLE_DEBUG_INFO = NO;
				MTL_FAST_MATH = YES;
				SDKROOT = iphoneos;
				SWIFT_COMPILATION_MODE = wholemodule;
				SWIFT_OPTIMIZATION_LEVEL = "-O";
				VALIDATE_PRODUCT = YES;
			};
			name = Release;
		};
		54A0CFBA2489D88F00FB450C /* Debug */ = {
			isa = XCBuildConfiguration;
			buildSettings = {
				ASSETCATALOG_COMPILER_APPICON_NAME = AppIcon;
				CODE_SIGN_STYLE = Automatic;
				DEVELOPMENT_TEAM = D3CUYFAV98;
				INFOPLIST_FILE = "african-proverbs/Info.plist";
				LD_RUNPATH_SEARCH_PATHS = (
					"$(inherited)",
					"@executable_path/Frameworks",
				);
				PRODUCT_BUNDLE_IDENTIFIER = "com.OludemiladeRaji.african-proverbs";
				PRODUCT_NAME = "$(TARGET_NAME)";
				SWIFT_VERSION = 5.0;
				TARGETED_DEVICE_FAMILY = "1,2";
			};
			name = Debug;
		};
		54A0CFBB2489D88F00FB450C /* Release */ = {
			isa = XCBuildConfiguration;
			buildSettings = {
				ASSETCATALOG_COMPILER_APPICON_NAME = AppIcon;
				CODE_SIGN_STYLE = Automatic;
				DEVELOPMENT_TEAM = D3CUYFAV98;
				INFOPLIST_FILE = "african-proverbs/Info.plist";
				LD_RUNPATH_SEARCH_PATHS = (
					"$(inherited)",
					"@executable_path/Frameworks",
				);
				PRODUCT_BUNDLE_IDENTIFIER = "com.OludemiladeRaji.african-proverbs";
				PRODUCT_NAME = "$(TARGET_NAME)";
				SWIFT_VERSION = 5.0;
				TARGETED_DEVICE_FAMILY = "1,2";
			};
			name = Release;
		};
		54A0CFBD2489D88F00FB450C /* Debug */ = {
			isa = XCBuildConfiguration;
			buildSettings = {
				ALWAYS_EMBED_SWIFT_STANDARD_LIBRARIES = YES;
				BUNDLE_LOADER = "$(TEST_HOST)";
				CODE_SIGN_STYLE = Automatic;
				DEVELOPMENT_TEAM = D3CUYFAV98;
				INFOPLIST_FILE = "african-proverbsTests/Info.plist";
				IPHONEOS_DEPLOYMENT_TARGET = 13.5;
				LD_RUNPATH_SEARCH_PATHS = (
					"$(inherited)",
					"@executable_path/Frameworks",
					"@loader_path/Frameworks",
				);
				PRODUCT_BUNDLE_IDENTIFIER = "com.OludemiladeRaji.african-proverbsTests";
				PRODUCT_NAME = "$(TARGET_NAME)";
				SWIFT_VERSION = 5.0;
				TARGETED_DEVICE_FAMILY = "1,2";
				TEST_HOST = "$(BUILT_PRODUCTS_DIR)/african-proverbs.app/african-proverbs";
			};
			name = Debug;
		};
		54A0CFBE2489D88F00FB450C /* Release */ = {
			isa = XCBuildConfiguration;
			buildSettings = {
				ALWAYS_EMBED_SWIFT_STANDARD_LIBRARIES = YES;
				BUNDLE_LOADER = "$(TEST_HOST)";
				CODE_SIGN_STYLE = Automatic;
				DEVELOPMENT_TEAM = D3CUYFAV98;
				INFOPLIST_FILE = "african-proverbsTests/Info.plist";
				IPHONEOS_DEPLOYMENT_TARGET = 13.5;
				LD_RUNPATH_SEARCH_PATHS = (
					"$(inherited)",
					"@executable_path/Frameworks",
					"@loader_path/Frameworks",
				);
				PRODUCT_BUNDLE_IDENTIFIER = "com.OludemiladeRaji.african-proverbsTests";
				PRODUCT_NAME = "$(TARGET_NAME)";
				SWIFT_VERSION = 5.0;
				TARGETED_DEVICE_FAMILY = "1,2";
				TEST_HOST = "$(BUILT_PRODUCTS_DIR)/african-proverbs.app/african-proverbs";
			};
			name = Release;
		};
		54A0CFC02489D88F00FB450C /* Debug */ = {
			isa = XCBuildConfiguration;
			buildSettings = {
				ALWAYS_EMBED_SWIFT_STANDARD_LIBRARIES = YES;
				CODE_SIGN_STYLE = Automatic;
				DEVELOPMENT_TEAM = D3CUYFAV98;
				INFOPLIST_FILE = "african-proverbsUITests/Info.plist";
				LD_RUNPATH_SEARCH_PATHS = (
					"$(inherited)",
					"@executable_path/Frameworks",
					"@loader_path/Frameworks",
				);
				PRODUCT_BUNDLE_IDENTIFIER = "com.OludemiladeRaji.african-proverbsUITests";
				PRODUCT_NAME = "$(TARGET_NAME)";
				SWIFT_VERSION = 5.0;
				TARGETED_DEVICE_FAMILY = "1,2";
				TEST_TARGET_NAME = "african-proverbs";
			};
			name = Debug;
		};
		54A0CFC12489D88F00FB450C /* Release */ = {
			isa = XCBuildConfiguration;
			buildSettings = {
				ALWAYS_EMBED_SWIFT_STANDARD_LIBRARIES = YES;
				CODE_SIGN_STYLE = Automatic;
				DEVELOPMENT_TEAM = D3CUYFAV98;
				INFOPLIST_FILE = "african-proverbsUITests/Info.plist";
				LD_RUNPATH_SEARCH_PATHS = (
					"$(inherited)",
					"@executable_path/Frameworks",
					"@loader_path/Frameworks",
				);
				PRODUCT_BUNDLE_IDENTIFIER = "com.OludemiladeRaji.african-proverbsUITests";
				PRODUCT_NAME = "$(TARGET_NAME)";
				SWIFT_VERSION = 5.0;
				TARGETED_DEVICE_FAMILY = "1,2";
				TEST_TARGET_NAME = "african-proverbs";
			};
			name = Release;
		};
/* End XCBuildConfiguration section */

/* Begin XCConfigurationList section */
		54A0CF8A2489D88C00FB450C /* Build configuration list for PBXProject "african-proverbs" */ = {
			isa = XCConfigurationList;
			buildConfigurations = (
				54A0CFB72489D88F00FB450C /* Debug */,
				54A0CFB82489D88F00FB450C /* Release */,
			);
			defaultConfigurationIsVisible = 0;
			defaultConfigurationName = Release;
		};
		54A0CFB92489D88F00FB450C /* Build configuration list for PBXNativeTarget "african-proverbs" */ = {
			isa = XCConfigurationList;
			buildConfigurations = (
				54A0CFBA2489D88F00FB450C /* Debug */,
				54A0CFBB2489D88F00FB450C /* Release */,
			);
			defaultConfigurationIsVisible = 0;
			defaultConfigurationName = Release;
		};
		54A0CFBC2489D88F00FB450C /* Build configuration list for PBXNativeTarget "african-proverbsTests" */ = {
			isa = XCConfigurationList;
			buildConfigurations = (
				54A0CFBD2489D88F00FB450C /* Debug */,
				54A0CFBE2489D88F00FB450C /* Release */,
			);
			defaultConfigurationIsVisible = 0;
			defaultConfigurationName = Release;
		};
		54A0CFBF2489D88F00FB450C /* Build configuration list for PBXNativeTarget "african-proverbsUITests" */ = {
			isa = XCConfigurationList;
			buildConfigurations = (
				54A0CFC02489D88F00FB450C /* Debug */,
				54A0CFC12489D88F00FB450C /* Release */,
			);
			defaultConfigurationIsVisible = 0;
			defaultConfigurationName = Release;
		};
/* End XCConfigurationList section */
	};
	rootObject = 54A0CF872489D88C00FB450C /* Project object */;
}
